{
  "name": "VTable",
  "lockfileVersion": 3,
  "requires": true,
  "packages": {
    "": {
      "dependencies": {
        "@visactor/vtable": "^1.17.2"
      }
    },
    "node_modules/@resvg/resvg-js": {
      "version": "2.4.1",
      "resolved": "https://registry.npmmirror.com/@resvg/resvg-js/-/resvg-js-2.4.1.tgz",
      "integrity": "sha512-wTOf1zerZX8qYcMmLZw3czR4paI4hXqPjShNwJRh5DeHxvgffUS5KM7XwxtbIheUW6LVYT5fhT2AJiP6mU7U4A==",
      "license": "MPL-2.0",
      "engines": {
        "node": ">= 10"
      },
      "optionalDependencies": {
        "@resvg/resvg-js-android-arm-eabi": "2.4.1",
        "@resvg/resvg-js-android-arm64": "2.4.1",
        "@resvg/resvg-js-darwin-arm64": "2.4.1",
        "@resvg/resvg-js-darwin-x64": "2.4.1",
        "@resvg/resvg-js-linux-arm-gnueabihf": "2.4.1",
        "@resvg/resvg-js-linux-arm64-gnu": "2.4.1",
        "@resvg/resvg-js-linux-arm64-musl": "2.4.1",
        "@resvg/resvg-js-linux-x64-gnu": "2.4.1",
        "@resvg/resvg-js-linux-x64-musl": "2.4.1",
        "@resvg/resvg-js-win32-arm64-msvc": "2.4.1",
        "@resvg/resvg-js-win32-ia32-msvc": "2.4.1",
        "@resvg/resvg-js-win32-x64-msvc": "2.4.1"
      }
    },
    "node_modules/@resvg/resvg-js-android-arm-eabi": {
      "version": "2.4.1",
      "resolved": "https://registry.npmmirror.com/@resvg/resvg-js-android-arm-eabi/-/resvg-js-android-arm-eabi-2.4.1.tgz",
      "integrity": "sha512-AA6f7hS0FAPpvQMhBCf6f1oD1LdlqNXKCxAAPpKh6tR11kqV0YIB9zOlIYgITM14mq2YooLFl6XIbbvmY+jwUw==",
      "cpu": [
        "arm"
      ],
      "license": "MPL-2.0",
      "optional": true,
      "os": [
        "android"
      ],
      "engines": {
        "node": ">= 10"
      }
    },
    "node_modules/@resvg/resvg-js-android-arm64": {
      "version": "2.4.1",
      "resolved": "https://registry.npmmirror.com/@resvg/resvg-js-android-arm64/-/resvg-js-android-arm64-2.4.1.tgz",
      "integrity": "sha512-/QleoRdPfsEuH9jUjilYcDtKK/BkmWcK+1LXM8L2nsnf/CI8EnFyv7ZzCj4xAIvZGAy9dTYr/5NZBcTwxG2HQg==",
      "cpu": [
        "arm64"
      ],
      "license": "MPL-2.0",
      "optional": true,
      "os": [
        "android"
      ],
      "engines": {
        "node": ">= 10"
      }
    },
    "node_modules/@resvg/resvg-js-darwin-arm64": {
      "version": "2.4.1",
      "resolved": "https://registry.npmmirror.com/@resvg/resvg-js-darwin-arm64/-/resvg-js-darwin-arm64-2.4.1.tgz",
      "integrity": "sha512-U1oMNhea+kAXgiEXgzo7EbFGCD1Edq5aSlQoe6LMly6UjHzgx2W3N5kEXCwU/CgN5FiQhZr7PlSJSlcr7mdhfg==",
      "cpu": [
        "arm64"
      ],
      "license": "MPL-2.0",
      "optional": true,
      "os": [
        "darwin"
      ],
      "engines": {
        "node": ">= 10"
      }
    },
    "node_modules/@resvg/resvg-js-darwin-x64": {
      "version": "2.4.1",
      "resolved": "https://registry.npmmirror.com/@resvg/resvg-js-darwin-x64/-/resvg-js-darwin-x64-2.4.1.tgz",
      "integrity": "sha512-avyVh6DpebBfHHtTQTZYSr6NG1Ur6TEilk1+H0n7V+g4F7x7WPOo8zL00ZhQCeRQ5H4f8WXNWIEKL8fwqcOkYw==",
      "cpu": [
        "x64"
      ],
      "license": "MPL-2.0",
      "optional": true,
      "os": [
        "darwin"
      ],
      "engines": {
        "node": ">= 10"
      }
    },
    "node_modules/@resvg/resvg-js-linux-arm-gnueabihf": {
      "version": "2.4.1",
      "resolved": "https://registry.npmmirror.com/@resvg/resvg-js-linux-arm-gnueabihf/-/resvg-js-linux-arm-gnueabihf-2.4.1.tgz",
      "integrity": "sha512-isY/mdKoBWH4VB5v621co+8l101jxxYjuTkwOLsbW+5RK9EbLciPlCB02M99ThAHzI2MYxIUjXNmNgOW8btXvw==",
      "cpu": [
        "arm"
      ],
      "license": "MPL-2.0",
      "optional": true,
      "os": [
        "linux"
      ],
      "engines": {
        "node": ">= 10"
      }
    },
    "node_modules/@resvg/resvg-js-linux-arm64-gnu": {
      "version": "2.4.1",
      "resolved": "https://registry.npmmirror.com/@resvg/resvg-js-linux-arm64-gnu/-/resvg-js-linux-arm64-gnu-2.4.1.tgz",
      "integrity": "sha512-uY5voSCrFI8TH95vIYBm5blpkOtltLxLRODyhKJhGfskOI7XkRw5/t1u0sWAGYD8rRSNX+CA+np86otKjubrNg==",
      "cpu": [
        "arm64"
      ],
      "license": "MPL-2.0",
      "optional": true,
      "os": [
        "linux"
      ],
      "engines": {
        "node": ">= 10"
      }
    },
    "node_modules/@resvg/resvg-js-linux-arm64-musl": {
      "version": "2.4.1",
      "resolved": "https://registry.npmmirror.com/@resvg/resvg-js-linux-arm64-musl/-/resvg-js-linux-arm64-musl-2.4.1.tgz",
      "integrity": "sha512-6mT0+JBCsermKMdi/O2mMk3m7SqOjwi9TKAwSngRZ/nQoL3Z0Z5zV+572ztgbWr0GODB422uD8e9R9zzz38dRQ==",
      "cpu": [
        "arm64"
      ],
      "license": "MPL-2.0",
      "optional": true,
      "os": [
        "linux"
      ],
      "engines": {
        "node": ">= 10"
      }
    },
    "node_modules/@resvg/resvg-js-linux-x64-gnu": {
      "version": "2.4.1",
      "resolved": "https://registry.npmmirror.com/@resvg/resvg-js-linux-x64-gnu/-/resvg-js-linux-x64-gnu-2.4.1.tgz",
      "integrity": "sha512-60KnrscLj6VGhkYOJEmmzPlqqfcw1keDh6U+vMcNDjPhV3B5vRSkpP/D/a8sfokyeh4VEacPSYkWGezvzS2/mg==",
      "cpu": [
        "x64"
      ],
      "license": "MPL-2.0",
      "optional": true,
      "os": [
        "linux"
      ],
      "engines": {
        "node": ">= 10"
      }
    },
    "node_modules/@resvg/resvg-js-linux-x64-musl": {
      "version": "2.4.1",
      "resolved": "https://registry.npmmirror.com/@resvg/resvg-js-linux-x64-musl/-/resvg-js-linux-x64-musl-2.4.1.tgz",
      "integrity": "sha512-0AMyZSICC1D7ge115cOZQW8Pcad6PjWuZkBFF3FJuSxC6Dgok0MQnLTs2MfMdKBlAcwO9dXsf3bv9tJZj8pATA==",
      "cpu": [
        "x64"
      ],
      "license": "MPL-2.0",
      "optional": true,
      "os": [
        "linux"
      ],
      "engines": {
        "node": ">= 10"
      }
    },
    "node_modules/@resvg/resvg-js-win32-arm64-msvc": {
      "version": "2.4.1",
      "resolved": "https://registry.npmmirror.com/@resvg/resvg-js-win32-arm64-msvc/-/resvg-js-win32-arm64-msvc-2.4.1.tgz",
      "integrity": "sha512-76XDFOFSa3d0QotmcNyChh2xHwk+JTFiEQBVxMlHpHMeq7hNrQJ1IpE1zcHSQvrckvkdfLboKRrlGB86B10Qjw==",
      "cpu": [
        "arm64"
      ],
      "license": "MPL-2.0",
      "optional": true,
      "os": [
        "win32"
      ],
      "engines": {
        "node": ">= 10"
      }
    },
    "node_modules/@resvg/resvg-js-win32-ia32-msvc": {
      "version": "2.4.1",
      "resolved": "https://registry.npmmirror.com/@resvg/resvg-js-win32-ia32-msvc/-/resvg-js-win32-ia32-msvc-2.4.1.tgz",
      "integrity": "sha512-odyVFGrEWZIzzJ89KdaFtiYWaIJh9hJRW/frcEcG3agJ464VXkN/2oEVF5ulD+5mpGlug9qJg7htzHcKxDN8sg==",
      "cpu": [
        "ia32"
      ],
      "license": "MPL-2.0",
      "optional": true,
      "os": [
        "win32"
      ],
      "engines": {
        "node": ">= 10"
      }
    },
    "node_modules/@resvg/resvg-js-win32-x64-msvc": {
      "version": "2.4.1",
      "resolved": "https://registry.npmmirror.com/@resvg/resvg-js-win32-x64-msvc/-/resvg-js-win32-x64-msvc-2.4.1.tgz",
      "integrity": "sha512-vY4kTLH2S3bP+puU5x7hlAxHv+ulFgcK6Zn3efKSr0M0KnZ9A3qeAjZteIpkowEFfUeMPNg2dvvoFRJA9zqxSw==",
      "cpu": [
        "x64"
      ],
      "license": "MPL-2.0",
      "optional": true,
      "os": [
        "win32"
      ],
      "engines": {
        "node": ">= 10"
      }
    },
    "node_modules/@turf/boolean-clockwise": {
      "version": "6.5.0",
      "resolved": "https://registry.npmmirror.com/@turf/boolean-clockwise/-/boolean-clockwise-6.5.0.tgz",
      "integrity": "sha512-45+C7LC5RMbRWrxh3Z0Eihsc8db1VGBO5d9BLTOAwU4jR6SgsunTfRWR16X7JUwIDYlCVEmnjcXJNi/kIU3VIw==",
      "license": "MIT",
      "dependencies": {
        "@turf/helpers": "^6.5.0",
        "@turf/invariant": "^6.5.0"
      },
      "funding": {
        "url": "https://opencollective.com/turf"
      }
    },
    "node_modules/@turf/clone": {
      "version": "6.5.0",
      "resolved": "https://registry.npmmirror.com/@turf/clone/-/clone-6.5.0.tgz",
      "integrity": "sha512-mzVtTFj/QycXOn6ig+annKrM6ZlimreKYz6f/GSERytOpgzodbQyOgkfwru100O1KQhhjSudKK4DsQ0oyi9cTw==",
      "license": "MIT",
      "dependencies": {
        "@turf/helpers": "^6.5.0"
      },
      "funding": {
        "url": "https://opencollective.com/turf"
      }
    },
    "node_modules/@turf/flatten": {
      "version": "6.5.0",
      "resolved": "https://registry.npmmirror.com/@turf/flatten/-/flatten-6.5.0.tgz",
      "integrity": "sha512-IBZVwoNLVNT6U/bcUUllubgElzpMsNoCw8tLqBw6dfYg9ObGmpEjf9BIYLr7a2Yn5ZR4l7YIj2T7kD5uJjZADQ==",
      "license": "MIT",
      "dependencies": {
        "@turf/helpers": "^6.5.0",
        "@turf/meta": "^6.5.0"
      },
      "funding": {
        "url": "https://opencollective.com/turf"
      }
    },
    "node_modules/@turf/helpers": {
      "version": "6.5.0",
      "resolved": "https://registry.npmmirror.com/@turf/helpers/-/helpers-6.5.0.tgz",
      "integrity": "sha512-VbI1dV5bLFzohYYdgqwikdMVpe7pJ9X3E+dlr425wa2/sMJqYDhTO++ec38/pcPvPE6oD9WEEeU3Xu3gza+VPw==",
      "license": "MIT",
      "funding": {
        "url": "https://opencollective.com/turf"
      }
    },
    "node_modules/@turf/invariant": {
      "version": "6.5.0",
      "resolved": "https://registry.npmmirror.com/@turf/invariant/-/invariant-6.5.0.tgz",
      "integrity": "sha512-Wv8PRNCtPD31UVbdJE/KVAWKe7l6US+lJItRR/HOEW3eh+U/JwRCSUl/KZ7bmjM/C+zLNoreM2TU6OoLACs4eg==",
      "license": "MIT",
      "dependencies": {
        "@turf/helpers": "^6.5.0"
      },
      "funding": {
        "url": "https://opencollective.com/turf"
      }
    },
    "node_modules/@turf/meta": {
      "version": "6.5.0",
      "resolved": "https://registry.npmmirror.com/@turf/meta/-/meta-6.5.0.tgz",
      "integrity": "sha512-RrArvtsV0vdsCBegoBtOalgdSOfkBrTJ07VkpiCnq/491W67hnMWmDu7e6Ztw0C3WldRYTXkg3SumfdzZxLBHA==",
      "license": "MIT",
      "dependencies": {
        "@turf/helpers": "^6.5.0"
      },
      "funding": {
        "url": "https://opencollective.com/turf"
      }
    },
    "node_modules/@turf/rewind": {
      "version": "6.5.0",
      "resolved": "https://registry.npmmirror.com/@turf/rewind/-/rewind-6.5.0.tgz",
      "integrity": "sha512-IoUAMcHWotBWYwSYuYypw/LlqZmO+wcBpn8ysrBNbazkFNkLf3btSDZMkKJO/bvOzl55imr/Xj4fi3DdsLsbzQ==",
      "license": "MIT",
      "dependencies": {
        "@turf/boolean-clockwise": "^6.5.0",
        "@turf/clone": "^6.5.0",
        "@turf/helpers": "^6.5.0",
        "@turf/invariant": "^6.5.0",
        "@turf/meta": "^6.5.0"
      },
      "funding": {
        "url": "https://opencollective.com/turf"
      }
    },
    "node_modules/@visactor/vdataset": {
      "version": "0.18.18",
      "resolved": "https://registry.npmmirror.com/@visactor/vdataset/-/vdataset-0.18.18.tgz",
      "integrity": "sha512-lye23zpineMKV42JmuJaOY3fgl7aWhyDIwK9dWooqZzP14AFukPoK7ZvUeuKZihLrHxqtCg2VWEjovnh9O1RUg==",
      "license": "MIT",
      "dependencies": {
        "@turf/flatten": "^6.5.0",
        "@turf/helpers": "^6.5.0",
        "@turf/rewind": "^6.5.0",
        "@visactor/vutils": "0.18.18",
        "d3-dsv": "^2.0.0",
        "d3-geo": "^1.12.1",
        "d3-hexbin": "^0.2.2",
        "d3-hierarchy": "^3.1.1",
        "eventemitter3": "^4.0.7",
        "geobuf": "^3.0.1",
        "geojson-dissolve": "^3.1.0",
        "path-browserify": "^1.0.1",
        "pbf": "^3.2.1",
        "point-at-length": "^1.1.0",
        "simple-statistics": "^7.7.3",
        "simplify-geojson": "^1.0.4",
        "topojson-client": "^3.1.0"
      }
    },
    "node_modules/@visactor/vdataset/node_modules/@visactor/vutils": {
      "version": "0.18.18",
      "resolved": "https://registry.npmmirror.com/@visactor/vutils/-/vutils-0.18.18.tgz",
      "integrity": "sha512-byEJefqxiCz3UWe+YedEVjsdPtnJOAtKdRYi4qT9ojgACdd6QqlWs53Eb7PlMZgWDxVxqkxJP2bZnRKw+ME0Xg==",
      "license": "MIT",
      "dependencies": {
        "@turf/helpers": "^6.5.0",
        "@turf/invariant": "^6.5.0",
        "eventemitter3": "^4.0.7"
      }
    },
    "node_modules/@visactor/vrender-components": {
      "version": "0.21.9-alpha.2",
      "resolved": "https://registry.npmmirror.com/@visactor/vrender-components/-/vrender-components-0.21.9-alpha.2.tgz",
      "integrity": "sha512-aEyPbBt5AwmEo2Odim4yyE7jPFrEVtYQZpJi9J11236YQez934QQF9cKs8JU9WZGpmfZlnBwmgj1LRjt8ooeMw==",
      "license": "MIT",
      "dependencies": {
        "@visactor/vrender-core": "0.21.9-alpha.2",
        "@visactor/vrender-kits": "0.21.9-alpha.2",
        "@visactor/vscale": "~0.19.3",
        "@visactor/vutils": "~0.19.3"
      }
    },
    "node_modules/@visactor/vrender-components/node_modules/@visactor/vscale": {
      "version": "0.19.4",
      "resolved": "https://registry.npmmirror.com/@visactor/vscale/-/vscale-0.19.4.tgz",
      "integrity": "sha512-kp69hPMof3GBKRuUiXSR9+9K+Z8ZXsTlOAwcnknXmiiZDhdcDkPlv27/d+Xx1Wi/iqw+BS2S7YIjHmfzdiVQ/Q==",
      "license": "MIT",
      "dependencies": {
        "@visactor/vutils": "0.19.4"
      }
    },
    "node_modules/@visactor/vrender-core": {
      "version": "0.21.9-alpha.2",
      "resolved": "https://registry.npmmirror.com/@visactor/vrender-core/-/vrender-core-0.21.9-alpha.2.tgz",
      "integrity": "sha512-o7KQck0aNQ52RqHXeyeBQaY8ByeMlueHbicWZEzQGRzBoD1Ka/jBr1aHW+bnMZG2ZJxTc3mZNf0zTlECXiXJcw==",
      "license": "MIT",
      "dependencies": {
        "@visactor/vutils": "~0.19.3",
        "color-convert": "2.0.1"
      }
    },
    "node_modules/@visactor/vrender-kits": {
      "version": "0.21.9-alpha.2",
      "resolved": "https://registry.npmmirror.com/@visactor/vrender-kits/-/vrender-kits-0.21.9-alpha.2.tgz",
      "integrity": "sha512-78Nd/gr3ekHrFDOv76rKGepXYZk7QgAdG9ljiKXtVUAc4oic7YEcJYVsue/foGwQth0QtFdYeGhxxDz7rR8iCQ==",
      "license": "MIT",
      "dependencies": {
        "@resvg/resvg-js": "2.4.1",
        "@visactor/vrender-core": "0.21.9-alpha.2",
        "@visactor/vutils": "~0.19.3",
        "gifuct-js": "2.1.2",
        "roughjs": "4.5.2"
      }
    },
    "node_modules/@visactor/vscale": {
      "version": "0.18.18",
      "resolved": "https://registry.npmmirror.com/@visactor/vscale/-/vscale-0.18.18.tgz",
      "integrity": "sha512-iRG4kv+5Fv4KX3AxEfV95XU3I6OmF0QizyAhqHxKa7L1MaT+MRvDDk5zHWf1E8gialLbL2xDe3GnT6g/4u5jhA==",
      "license": "MIT",
      "dependencies": {
        "@visactor/vutils": "0.18.18"
      }
    },
    "node_modules/@visactor/vscale/node_modules/@visactor/vutils": {
      "version": "0.18.18",
      "resolved": "https://registry.npmmirror.com/@visactor/vutils/-/vutils-0.18.18.tgz",
      "integrity": "sha512-byEJefqxiCz3UWe+YedEVjsdPtnJOAtKdRYi4qT9ojgACdd6QqlWs53Eb7PlMZgWDxVxqkxJP2bZnRKw+ME0Xg==",
      "license": "MIT",
      "dependencies": {
        "@turf/helpers": "^6.5.0",
        "@turf/invariant": "^6.5.0",
        "eventemitter3": "^4.0.7"
      }
    },
    "node_modules/@visactor/vtable": {
      "version": "1.17.2",
      "resolved": "https://registry.npmmirror.com/@visactor/vtable/-/vtable-1.17.2.tgz",
      "integrity": "sha512-JMK2Y4/mJ29hC+dcqZfKx4N+MedigitvtzYPaNLsv5KExlK0gP21roSmcp5W9BtGWgOUiiWKQBZ2u1IXi2V+Pg==",
      "license": "MIT",
      "dependencies": {
        "@visactor/vdataset": "~0.18.1",
        "@visactor/vrender-components": "0.21.9-alpha.2",
        "@visactor/vrender-core": "0.21.9-alpha.2",
        "@visactor/vrender-kits": "0.21.9-alpha.2",
        "@visactor/vscale": "~0.18.1",
        "@visactor/vtable-editors": "1.17.2",
        "@visactor/vutils": "~0.19.1",
        "@visactor/vutils-extension": "~1.11.5",
        "cssfontparser": "^1.2.1",
        "gifuct-js": "2.1.2",
        "lodash": "4.17.21"
      }
    },
    "node_modules/@visactor/vtable-editors": {
      "version": "1.17.2",
      "resolved": "https://registry.npmmirror.com/@visactor/vtable-editors/-/vtable-editors-1.17.2.tgz",
      "integrity": "sha512-1Ri3pLCZUeQoFbEQlDw+7NQzY19QP44dl/eDech+S19TxWs9yFPwiT4m604A2Zgdpucrm1nh+oXoQtlNSEjJ+w==",
      "license": "MIT"
    },
    "node_modules/@visactor/vutils": {
      "version": "0.19.4",
      "resolved": "https://registry.npmmirror.com/@visactor/vutils/-/vutils-0.19.4.tgz",
      "integrity": "sha512-kLbcsTe1/3HSSvEJvJikzGD0plY0gdHbpxt98oo7W6OrianfYd97nm/w7rFXcq/S49e6C5d1SdU4MZk/PYxhEQ==",
      "license": "MIT",
      "dependencies": {
        "@turf/helpers": "^6.5.0",
        "@turf/invariant": "^6.5.0",
        "eventemitter3": "^4.0.7"
      }
    },
    "node_modules/@visactor/vutils-extension": {
      "version": "1.11.14",
      "resolved": "https://registry.npmmirror.com/@visactor/vutils-extension/-/vutils-extension-1.11.14.tgz",
      "integrity": "sha512-vfViZphXJBH0NwCHIoe8S1/+tDtykEKIfsLMIHprh7Azv7fVSB1eotG00SAegK75E18ARQGNXF1DxixUFiXSIQ==",
      "license": "MIT",
      "dependencies": {
        "@visactor/vdataset": "~0.18.10",
        "@visactor/vutils": "~0.18.10"
      }
    },
    "node_modules/@visactor/vutils-extension/node_modules/@visactor/vutils": {
      "version": "0.18.18",
      "resolved": "https://registry.npmmirror.com/@visactor/vutils/-/vutils-0.18.18.tgz",
      "integrity": "sha512-byEJefqxiCz3UWe+YedEVjsdPtnJOAtKdRYi4qT9ojgACdd6QqlWs53Eb7PlMZgWDxVxqkxJP2bZnRKw+ME0Xg==",
      "license": "MIT",
      "dependencies": {
        "@turf/helpers": "^6.5.0",
        "@turf/invariant": "^6.5.0",
        "eventemitter3": "^4.0.7"
      }
    },
    "node_modules/abs-svg-path": {
      "version": "0.1.1",
      "resolved": "https://registry.npmmirror.com/abs-svg-path/-/abs-svg-path-0.1.1.tgz",
      "integrity": "sha512-d8XPSGjfyzlXC3Xx891DJRyZfqk5JU0BJrDQcsWomFIV1/BIzPW5HDH5iDdWpqWaav0YVIEzT1RHTwWr0FFshA==",
      "license": "MIT"
    },
    "node_modules/array-source": {
      "version": "0.0.4",
      "resolved": "https://registry.npmmirror.com/array-source/-/array-source-0.0.4.tgz",
      "integrity": "sha512-frNdc+zBn80vipY+GdcJkLEbMWj3xmzArYApmUGxoiV8uAu/ygcs9icPdsGdA26h0MkHUMW6EN2piIvVx+M5Mw==",
      "license": "BSD-3-Clause"
    },
    "node_modules/buffer-from": {
      "version": "1.1.2",
      "resolved": "https://registry.npmmirror.com/buffer-from/-/buffer-from-1.1.2.tgz",
      "integrity": "sha512-E+XQCRwSbaaiChtv6k6Dwgc+bx+Bs6vuKJHHl5kox/BaKbhiXzqQOwK4cO22yElGp2OCmjwVhT3HmxgyPGnJfQ==",
      "license": "MIT"
    },
    "node_modules/color-convert": {
      "version": "2.0.1",
      "resolved": "https://registry.npmmirror.com/color-convert/-/color-convert-2.0.1.tgz",
      "integrity": "sha512-RRECPsj7iu/xb5oKYcsFHSppFNnsj/52OVTRKb4zP5onXwVF3zVmmToNcOfGC+CRDpfK/U584fMg38ZHCaElKQ==",
      "license": "MIT",
      "dependencies": {
        "color-name": "~1.1.4"
      },
      "engines": {
        "node": ">=7.0.0"
      }
    },
    "node_modules/color-name": {
      "version": "1.1.4",
      "resolved": "https://registry.npmmirror.com/color-name/-/color-name-1.1.4.tgz",
      "integrity": "sha512-dOy+3AuW3a2wNbZHIuMZpTcgjGuLU/uBL/ubcZF9OXbDo8ff4O8yVp5Bf0efS8uEoYo5q4Fx7dY9OgQGXgAsQA==",
      "license": "MIT"
    },
    "node_modules/commander": {
      "version": "2.20.3",
      "resolved": "https://registry.npmmirror.com/commander/-/commander-2.20.3.tgz",
      "integrity": "sha512-GpVkmM8vF2vQUkj2LvZmD35JxeJOLCwJ9cUkugyk2nuhbv3+mJvpLYYt+0+USMxE+oj+ey/lJEnhZw75x/OMcQ==",
      "license": "MIT"
    },
    "node_modules/concat-stream": {
      "version": "2.0.0",
      "resolved": "https://registry.npmmirror.com/concat-stream/-/concat-stream-2.0.0.tgz",
      "integrity": "sha512-MWufYdFw53ccGjCA+Ol7XJYpAlW6/prSMzuPOTRnJGcGzuhLn4Scrz7qf6o8bROZ514ltazcIFJZevcfbo0x7A==",
      "engines": [
        "node >= 6.0"
      ],
      "license": "MIT",
      "dependencies": {
        "buffer-from": "^1.0.0",
        "inherits": "^2.0.3",
        "readable-stream": "^3.0.2",
        "typedarray": "^0.0.6"
      }
    },
    "node_modules/core-util-is": {
      "version": "1.0.3",
      "resolved": "https://registry.npmmirror.com/core-util-is/-/core-util-is-1.0.3.tgz",
      "integrity": "sha512-ZQBvi1DcpJ4GDqanjucZ2Hj3wEO5pZDS89BWbkcrvdxksJorwUDDZamX9ldFkp9aw2lmBDLgkObEA4DWNJ9FYQ==",
      "license": "MIT"
    },
    "node_modules/cssfontparser": {
      "version": "1.2.1",
      "resolved": "https://registry.npmmirror.com/cssfontparser/-/cssfontparser-1.2.1.tgz",
      "integrity": "sha512-6tun4LoZnj7VN6YeegOVb67KBX/7JJsqvj+pv3ZA7F878/eN33AbGa5b/S/wXxS/tcp8nc40xRUrsPlxIyNUPg==",
      "license": "MIT"
    },
    "node_modules/d3-array": {
      "version": "1.2.4",
      "resolved": "https://registry.npmmirror.com/d3-array/-/d3-array-1.2.4.tgz",
      "integrity": "sha512-KHW6M86R+FUPYGb3R5XiYjXPq7VzwxZ22buHhAEVG5ztoEcZZMLov530mmccaqA1GghZArjQV46fuc8kUqhhHw==",
      "license": "BSD-3-Clause"
    },
    "node_modules/d3-dsv": {
      "version": "2.0.0",
      "resolved": "https://registry.npmmirror.com/d3-dsv/-/d3-dsv-2.0.0.tgz",
      "integrity": "sha512-E+Pn8UJYx9mViuIUkoc93gJGGYut6mSDKy2+XaPwccwkRGlR+LO97L2VCCRjQivTwLHkSnAJG7yo00BWY6QM+w==",
      "license": "BSD-3-Clause",
      "dependencies": {
        "commander": "2",
        "iconv-lite": "0.4",
        "rw": "1"
      },
      "bin": {
        "csv2json": "bin/dsv2json",
        "csv2tsv": "bin/dsv2dsv",
        "dsv2dsv": "bin/dsv2dsv",
        "dsv2json": "bin/dsv2json",
        "json2csv": "bin/json2dsv",
        "json2dsv": "bin/json2dsv",
        "json2tsv": "bin/json2dsv",
        "tsv2csv": "bin/dsv2dsv",
        "tsv2json": "bin/dsv2json"
      }
    },
    "node_modules/d3-geo": {
      "version": "1.12.1",
      "resolved": "https://registry.npmmirror.com/d3-geo/-/d3-geo-1.12.1.tgz",
      "integrity": "sha512-XG4d1c/UJSEX9NfU02KwBL6BYPj8YKHxgBEw5om2ZnTRSbIcego6dhHwcxuSR3clxh0EpE38os1DVPOmnYtTPg==",
      "license": "BSD-3-Clause",
      "dependencies": {
        "d3-array": "1"
      }
    },
    "node_modules/d3-hexbin": {
      "version": "0.2.2",
      "resolved": "https://registry.npmmirror.com/d3-hexbin/-/d3-hexbin-0.2.2.tgz",
      "integrity": "sha512-KS3fUT2ReD4RlGCjvCEm1RgMtp2NFZumdMu4DBzQK8AZv3fXRM6Xm8I4fSU07UXvH4xxg03NwWKWdvxfS/yc4w==",
      "license": "BSD-3-Clause"
    },
    "node_modules/d3-hierarchy": {
      "version": "3.1.2",
      "resolved": "https://registry.npmmirror.com/d3-hierarchy/-/d3-hierarchy-3.1.2.tgz",
      "integrity": "sha512-FX/9frcub54beBdugHjDCdikxThEqjnR93Qt7PvQTOHxyiNCAlvMrHhclk3cD5VeAaq9fxmfRp+CnWw9rEMBuA==",
      "license": "ISC",
      "engines": {
        "node": ">=12"
      }
    },
    "node_modules/eventemitter3": {
      "version": "4.0.7",
      "resolved": "https://registry.npmmirror.com/eventemitter3/-/eventemitter3-4.0.7.tgz",
      "integrity": "sha512-8guHBZCwKnFhYdHr2ysuRWErTwhoN2X8XELRlrRwpmfeY2jjuUN4taQMsULKUVo1K4DvZl+0pgfyoysHxvmvEw==",
      "license": "MIT"
    },
    "node_modules/file-source": {
      "version": "0.6.1",
      "resolved": "https://registry.npmmirror.com/file-source/-/file-source-0.6.1.tgz",
      "integrity": "sha512-1R1KneL7eTXmXfKxC10V/9NeGOdbsAXJ+lQ//fvvcHUgtaZcZDWNJNblxAoVOyV1cj45pOtUrR3vZTBwqcW8XA==",
      "license": "BSD-3-Clause",
      "dependencies": {
        "stream-source": "0.3"
      }
    },
    "node_modules/geobuf": {
      "version": "3.0.2",
      "resolved": "https://registry.npmmirror.com/geobuf/-/geobuf-3.0.2.tgz",
      "integrity": "sha512-ASgKwEAQQRnyNFHNvpd5uAwstbVYmiTW0Caw3fBb509tNTqXyAAPMyFs5NNihsLZhLxU1j/kjFhkhLWA9djuVg==",
      "license": "ISC",
      "dependencies": {
        "concat-stream": "^2.0.0",
        "pbf": "^3.2.1",
        "shapefile": "~0.6.6"
      },
      "bin": {
        "geobuf2json": "bin/geobuf2json",
        "json2geobuf": "bin/json2geobuf",
        "shp2geobuf": "bin/shp2geobuf"
      }
    },
    "node_modules/geojson-dissolve": {
      "version": "3.1.0",
      "resolved": "https://registry.npmmirror.com/geojson-dissolve/-/geojson-dissolve-3.1.0.tgz",
      "integrity": "sha512-JXHfn+A3tU392HA703gJbjmuHaQOAE/C1KzbELCczFRFux+GdY6zt1nKb1VMBHp4LWeE7gUY2ql+g06vJqhiwQ==",
      "license": "ISC",
      "dependencies": {
        "@turf/meta": "^3.7.5",
        "geojson-flatten": "^0.2.1",
        "geojson-linestring-dissolve": "0.0.1",
        "topojson-client": "^3.0.0",
        "topojson-server": "^3.0.0"
      }
    },
    "node_modules/geojson-dissolve/node_modules/@turf/meta": {
      "version": "3.14.0",
      "resolved": "https://registry.npmmirror.com/@turf/meta/-/meta-3.14.0.tgz",
      "integrity": "sha512-OtXqLQuR9hlQ/HkAF/OdzRea7E0eZK1ay8y8CBXkoO2R6v34CsDrWYLMSo0ZzMsaQDpKo76NPP2GGo+PyG1cSg==",
      "license": "MIT"
    },
    "node_modules/geojson-flatten": {
      "version": "0.2.4",
      "resolved": "https://registry.npmmirror.com/geojson-flatten/-/geojson-flatten-0.2.4.tgz",
      "integrity": "sha512-LiX6Jmot8adiIdZ/fthbcKKPOfWjTQchX/ggHnwMZ2e4b0I243N1ANUos0LvnzepTEsj0+D4fIJ5bKhBrWnAHA==",
      "license": "BSD-2-Clause",
      "dependencies": {
        "get-stdin": "^6.0.0",
        "minimist": "1.2.0"
      },
      "bin": {
        "geojson-flatten": "geojson-flatten"
      }
    },
    "node_modules/geojson-linestring-dissolve": {
      "version": "0.0.1",
      "resolved": "https://registry.npmmirror.com/geojson-linestring-dissolve/-/geojson-linestring-dissolve-0.0.1.tgz",
      "integrity": "sha512-Y8I2/Ea28R/Xeki7msBcpMvJL2TaPfaPKP8xqueJfQ9/jEhps+iOJxOR2XCBGgVb12Z6XnDb1CMbaPfLepsLaw==",
      "license": "ISC"
    },
    "node_modules/get-stdin": {
      "version": "6.0.0",
      "resolved": "https://registry.npmmirror.com/get-stdin/-/get-stdin-6.0.0.tgz",
      "integrity": "sha512-jp4tHawyV7+fkkSKyvjuLZswblUtz+SQKzSWnBbii16BuZksJlU1wuBYXY75r+duh/llF1ur6oNwi+2ZzjKZ7g==",
      "license": "MIT",
      "engines": {
        "node": ">=4"
      }
    },
    "node_modules/gifuct-js": {
      "version": "2.1.2",
      "resolved": "https://registry.npmmirror.com/gifuct-js/-/gifuct-js-2.1.2.tgz",
      "integrity": "sha512-rI2asw77u0mGgwhV3qA+OEgYqaDn5UNqgs+Bx0FGwSpuqfYn+Ir6RQY5ENNQ8SbIiG/m5gVa7CD5RriO4f4Lsg==",
      "license": "MIT",
      "dependencies": {
        "js-binary-schema-parser": "^2.0.3"
      }
    },
    "node_modules/iconv-lite": {
      "version": "0.4.24",
      "resolved": "https://registry.npmmirror.com/iconv-lite/-/iconv-lite-0.4.24.tgz",
      "integrity": "sha512-v3MXnZAcvnywkTUEZomIActle7RXXeedOR31wwl7VlyoXO4Qi9arvSenNQWne1TcRwhCL1HwLI21bEqdpj8/rA==",
      "license": "MIT",
      "dependencies": {
        "safer-buffer": ">= 2.1.2 < 3"
      },
      "engines": {
        "node": ">=0.10.0"
      }
    },
    "node_modules/ieee754": {
      "version": "1.2.1",
      "resolved": "https://registry.npmmirror.com/ieee754/-/ieee754-1.2.1.tgz",
      "integrity": "sha512-dcyqhDvX1C46lXZcVqCpK+FtMRQVdIMN6/Df5js2zouUsqG7I6sFxitIC+7KYK29KdXOLHdu9zL4sFnoVQnqaA==",
      "funding": [
        {
          "type": "github",
          "url": "https://github.com/sponsors/feross"
        },
        {
          "type": "patreon",
          "url": "https://www.patreon.com/feross"
        },
        {
          "type": "consulting",
          "url": "https://feross.org/support"
        }
      ],
      "license": "BSD-3-Clause"
    },
    "node_modules/inherits": {
      "version": "2.0.4",
      "resolved": "https://registry.npmmirror.com/inherits/-/inherits-2.0.4.tgz",
      "integrity": "sha512-k/vGaX4/Yla3WzyMCvTQOXYeIHvqOKtnqBduzTHpzpQZzAskKMhZ2K+EnBiSM9zGSoIFeMpXKxa4dYeZIQqewQ==",
      "license": "ISC"
    },
    "node_modules/isarray": {
      "version": "0.0.1",
      "resolved": "https://registry.npmmirror.com/isarray/-/isarray-0.0.1.tgz",
      "integrity": "sha512-D2S+3GLxWH+uhrNEcoh/fnmYeP8E8/zHl644d/jdA0g2uyXvy3sb0qxotE+ne0LtccHknQzWwZEzhak7oJ0COQ==",
      "license": "MIT"
    },
    "node_modules/js-binary-schema-parser": {
      "version": "2.0.3",
      "resolved": "https://registry.npmmirror.com/js-binary-schema-parser/-/js-binary-schema-parser-2.0.3.tgz",
      "integrity": "sha512-xezGJmOb4lk/M1ZZLTR/jaBHQ4gG/lqQnJqdIv4721DMggsa1bDVlHXNeHYogaIEHD9vCRv0fcL4hMA+Coarkg==",
      "license": "MIT"
    },
    "node_modules/lodash": {
      "version": "4.17.21",
      "resolved": "https://registry.npmmirror.com/lodash/-/lodash-4.17.21.tgz",
      "integrity": "sha512-v2kDEe57lecTulaDIuNTPy3Ry4gLGJ6Z1O3vE1krgXZNrsQ+LFTGHVxVjcXPs17LhbZVGedAJv8XZ1tvj5FvSg==",
      "license": "MIT"
    },
    "node_modules/minimist": {
      "version": "1.2.0",
      "resolved": "https://registry.npmmirror.com/minimist/-/minimist-1.2.0.tgz",
      "integrity": "sha512-7Wl+Jz+IGWuSdgsQEJ4JunV0si/iMhg42MnQQG6h1R6TNeVenp4U9x5CC5v/gYqz/fENLQITAWXidNtVL0NNbw==",
      "license": "MIT"
    },
    "node_modules/parse-svg-path": {
      "version": "0.1.2",
      "resolved": "https://registry.npmmirror.com/parse-svg-path/-/parse-svg-path-0.1.2.tgz",
      "integrity": "sha512-JyPSBnkTJ0AI8GGJLfMXvKq42cj5c006fnLz6fXy6zfoVjJizi8BNTpu8on8ziI1cKy9d9DGNuY17Ce7wuejpQ==",
      "license": "MIT"
    },
    "node_modules/path-browserify": {
      "version": "1.0.1",
      "resolved": "https://registry.npmmirror.com/path-browserify/-/path-browserify-1.0.1.tgz",
      "integrity": "sha512-b7uo2UCUOYZcnF/3ID0lulOJi/bafxa1xPe7ZPsammBSpjSWQkjNxlt635YGS2MiR9GjvuXCtz2emr3jbsz98g==",
      "license": "MIT"
    },
    "node_modules/path-data-parser": {
      "version": "0.1.0",
      "resolved": "https://registry.npmmirror.com/path-data-parser/-/path-data-parser-0.1.0.tgz",
      "integrity": "sha512-NOnmBpt5Y2RWbuv0LMzsayp3lVylAHLPUTut412ZA3l+C4uw4ZVkQbjShYCQ8TCpUMdPapr4YjUqLYD6v68j+w==",
      "license": "MIT"
    },
    "node_modules/path-source": {
      "version": "0.1.3",
      "resolved": "https://registry.npmmirror.com/path-source/-/path-source-0.1.3.tgz",
      "integrity": "sha512-dWRHm5mIw5kw0cs3QZLNmpUWty48f5+5v9nWD2dw3Y0Hf+s01Ag8iJEWV0Sm0kocE8kK27DrIowha03e1YR+Qw==",
      "license": "BSD-3-Clause",
      "dependencies": {
        "array-source": "0.0",
        "file-source": "0.6"
      }
    },
    "node_modules/pbf": {
      "version": "3.3.0",
      "resolved": "https://registry.npmmirror.com/pbf/-/pbf-3.3.0.tgz",
      "integrity": "sha512-XDF38WCH3z5OV/OVa8GKUNtLAyneuzbCisx7QUCF8Q6Nutx0WnJrQe5O+kOtBlLfRNUws98Y58Lblp+NJG5T4Q==",
      "license": "BSD-3-Clause",
      "dependencies": {
        "ieee754": "^1.1.12",
        "resolve-protobuf-schema": "^2.1.0"
      },
      "bin": {
        "pbf": "bin/pbf"
      }
    },
    "node_modules/point-at-length": {
      "version": "1.1.0",
      "resolved": "https://registry.npmmirror.com/point-at-length/-/point-at-length-1.1.0.tgz",
      "integrity": "sha512-nNHDk9rNEh/91o2Y8kHLzBLNpLf80RYd2gCun9ss+V0ytRSf6XhryBTx071fesktjbachRmGuUbId+JQmzhRXw==",
      "license": "MIT",
      "dependencies": {
        "abs-svg-path": "~0.1.1",
        "isarray": "~0.0.1",
        "parse-svg-path": "~0.1.1"
      }
    },
    "node_modules/points-on-curve": {
      "version": "0.2.0",
      "resolved": "https://registry.npmmirror.com/points-on-curve/-/points-on-curve-0.2.0.tgz",
      "integrity": "sha512-0mYKnYYe9ZcqMCWhUjItv/oHjvgEsfKvnUTg8sAtnHr3GVy7rGkXCb6d5cSyqrWqL4k81b9CPg3urd+T7aop3A==",
      "license": "MIT"
    },
    "node_modules/points-on-path": {
      "version": "0.2.1",
      "resolved": "https://registry.npmmirror.com/points-on-path/-/points-on-path-0.2.1.tgz",
      "integrity": "sha512-25ClnWWuw7JbWZcgqY/gJ4FQWadKxGWk+3kR/7kD0tCaDtPPMj7oHu2ToLaVhfpnHrZzYby2w6tUA0eOIuUg8g==",
      "license": "MIT",
      "dependencies": {
        "path-data-parser": "0.1.0",
        "points-on-curve": "0.2.0"
      }
    },
    "node_modules/protocol-buffers-schema": {
      "version": "3.6.0",
      "resolved": "https://registry.npmmirror.com/protocol-buffers-schema/-/protocol-buffers-schema-3.6.0.tgz",
      "integrity": "sha512-TdDRD+/QNdrCGCE7v8340QyuXd4kIWIgapsE2+n/SaGiSSbomYl4TjHlvIoCWRpE7wFt02EpB35VVA2ImcBVqw==",
      "license": "MIT"
    },
    "node_modules/readable-stream": {
      "version": "3.6.2",
      "resolved": "https://registry.npmmirror.com/readable-stream/-/readable-stream-3.6.2.tgz",
      "integrity": "sha512-9u/sniCrY3D5WdsERHzHE4G2YCXqoG5FTHUiCC4SIbr6XcLZBY05ya9EKjYek9O5xOAwjGq+1JdGBAS7Q9ScoA==",
      "license": "MIT",
      "dependencies": {
        "inherits": "^2.0.3",
        "string_decoder": "^1.1.1",
        "util-deprecate": "^1.0.1"
      },
      "engines": {
        "node": ">= 6"
      }
    },
    "node_modules/resolve-protobuf-schema": {
      "version": "2.1.0",
      "resolved": "https://registry.npmmirror.com/resolve-protobuf-schema/-/resolve-protobuf-schema-2.1.0.tgz",
      "integrity": "sha512-kI5ffTiZWmJaS/huM8wZfEMer1eRd7oJQhDuxeCLe3t7N7mX3z94CN0xPxBQxFYQTSNz9T0i+v6inKqSdK8xrQ==",
      "license": "MIT",
      "dependencies": {
        "protocol-buffers-schema": "^3.3.1"
      }
    },
    "node_modules/roughjs": {
      "version": "4.5.2",
      "resolved": "https://registry.npmmirror.com/roughjs/-/roughjs-4.5.2.tgz",
      "integrity": "sha512-2xSlLDKdsWyFxrveYWk9YQ/Y9UfK38EAMRNkYkMqYBJvPX8abCa9PN0x3w02H8Oa6/0bcZICJU+U95VumPqseg==",
      "license": "MIT",
      "dependencies": {
        "path-data-parser": "^0.1.0",
        "points-on-curve": "^0.2.0",
        "points-on-path": "^0.2.1"
      }
    },
    "node_modules/rw": {
      "version": "1.3.3",
      "resolved": "https://registry.npmmirror.com/rw/-/rw-1.3.3.tgz",
      "integrity": "sha512-PdhdWy89SiZogBLaw42zdeqtRJ//zFd2PgQavcICDUgJT5oW10QCRKbJ6bg4r0/UY2M6BWd5tkxuGFRvCkgfHQ==",
      "license": "BSD-3-Clause"
    },
    "node_modules/safe-buffer": {
      "version": "5.2.1",
      "resolved": "https://registry.npmmirror.com/safe-buffer/-/safe-buffer-5.2.1.tgz",
      "integrity": "sha512-rp3So07KcdmmKbGvgaNxQSJr7bGVSVk5S9Eq1F+ppbRo70+YeaDxkw5Dd8NPN+GD6bjnYm2VuPuCXmpuYvmCXQ==",
      "funding": [
        {
          "type": "github",
          "url": "https://github.com/sponsors/feross"
        },
        {
          "type": "patreon",
          "url": "https://www.patreon.com/feross"
        },
        {
          "type": "consulting",
          "url": "https://feross.org/support"
        }
      ],
      "license": "MIT"
    },
    "node_modules/safer-buffer": {
      "version": "2.1.2",
      "resolved": "https://registry.npmmirror.com/safer-buffer/-/safer-buffer-2.1.2.tgz",
      "integrity": "sha512-YZo3K82SD7Riyi0E1EQPojLz7kpepnSQI9IyPbHHg1XXXevb5dJI7tpyN2ADxGcQbHG7vcyRHk0cbwqcQriUtg==",
      "license": "MIT"
    },
    "node_modules/shapefile": {
      "version": "0.6.6",
      "resolved": "https://registry.npmmirror.com/shapefile/-/shapefile-0.6.6.tgz",
      "integrity": "sha512-rLGSWeK2ufzCVx05wYd+xrWnOOdSV7xNUW5/XFgx3Bc02hBkpMlrd2F1dDII7/jhWzv0MSyBFh5uJIy9hLdfuw==",
      "license": "BSD-3-Clause",
      "dependencies": {
        "array-source": "0.0",
        "commander": "2",
        "path-source": "0.1",
        "slice-source": "0.4",
        "stream-source": "0.3",
        "text-encoding": "^0.6.4"
      },
      "bin": {
        "dbf2json": "bin/dbf2json",
        "shp2json": "bin/shp2json"
      }
    },
    "node_modules/simple-statistics": {
      "version": "7.8.8",
      "resolved": "https://registry.npmmirror.com/simple-statistics/-/simple-statistics-7.8.8.tgz",
      "integrity": "sha512-CUtP0+uZbcbsFpqEyvNDYjJCl+612fNgjT8GaVuvMG7tBuJg8gXGpsP5M7X658zy0IcepWOZ6nPBu1Qb9ezA1w==",
      "license": "ISC",
      "engines": {
        "node": "*"
      }
    },
    "node_modules/simplify-geojson": {
      "version": "1.0.5",
      "resolved": "https://registry.npmmirror.com/simplify-geojson/-/simplify-geojson-1.0.5.tgz",
      "integrity": "sha512-02l1W4UipP5ivNVq6kX15mAzCRIV1oI3tz0FUEyOsNiv1ltuFDjbNhO+nbv/xhbDEtKqWLYuzpWhUsJrjR/ypA==",
      "license": "BSD-2-Clause",
      "dependencies": {
        "concat-stream": "~1.4.1",
        "minimist": "1.2.6",
        "simplify-geometry": "0.0.2"
      },
      "bin": {
        "simplify-geojson": "cli.js"
      }
    },
    "node_modules/simplify-geojson/node_modules/concat-stream": {
      "version": "1.4.11",
      "resolved": "https://registry.npmmirror.com/concat-stream/-/concat-stream-1.4.11.tgz",
      "integrity": "sha512-X3JMh8+4je3U1cQpG87+f9lXHDrqcb2MVLg9L7o8b1UZ0DzhRrUpdn65ttzu10PpJPPI3MQNkis+oha6TSA9Mw==",
      "engines": [
        "node >= 0.8"
      ],
      "license": "MIT",
      "dependencies": {
        "inherits": "~2.0.1",
        "readable-stream": "~1.1.9",
        "typedarray": "~0.0.5"
      }
    },
    "node_modules/simplify-geojson/node_modules/minimist": {
      "version": "1.2.6",
      "resolved": "https://registry.npmmirror.com/minimist/-/minimist-1.2.6.tgz",
      "integrity": "sha512-Jsjnk4bw3YJqYzbdyBiNsPWHPfO++UGG749Cxs6peCu5Xg4nrena6OVxOYxrQTqww0Jmwt+Ref8rggumkTLz9Q==",
      "license": "MIT"
    },
    "node_modules/simplify-geojson/node_modules/readable-stream": {
      "version": "1.1.14",
      "resolved": "https://registry.npmmirror.com/readable-stream/-/readable-stream-1.1.14.tgz",
      "integrity": "sha512-+MeVjFf4L44XUkhM1eYbD8fyEsxcV81pqMSR5gblfcLCHfZvbrqy4/qYHE+/R5HoBUT11WV5O08Cr1n3YXkWVQ==",
      "license": "MIT",
      "dependencies": {
        "core-util-is": "~1.0.0",
        "inherits": "~2.0.1",
        "isarray": "0.0.1",
        "string_decoder": "~0.10.x"
      }
    },
    "node_modules/simplify-geojson/node_modules/string_decoder": {
      "version": "0.10.31",
      "resolved": "https://registry.npmmirror.com/string_decoder/-/string_decoder-0.10.31.tgz",
      "integrity": "sha512-ev2QzSzWPYmy9GuqfIVildA4OdcGLeFZQrq5ys6RtiuF+RQQiZWr8TZNyAcuVXyQRYfEO+MsoB/1BuQVhOJuoQ==",
      "license": "MIT"
    },
    "node_modules/simplify-geometry": {
      "version": "0.0.2",
      "resolved": "https://registry.npmmirror.com/simplify-geometry/-/simplify-geometry-0.0.2.tgz",
      "integrity": "sha512-ZEyrplkqgCqDlL7V8GbbYgTLlcnNF+MWWUdy8s8ZeJru50bnI71rDew/I+HG36QS2mPOYAq1ZjwNXxHJ8XOVBw==",
      "license": "MIT"
    },
    "node_modules/slice-source": {
      "version": "0.4.1",
      "resolved": "https://registry.npmmirror.com/slice-source/-/slice-source-0.4.1.tgz",
      "integrity": "sha512-YiuPbxpCj4hD9Qs06hGAz/OZhQ0eDuALN0lRWJez0eD/RevzKqGdUx1IOMUnXgpr+sXZLq3g8ERwbAH0bCb8vg==",
      "license": "BSD-3-Clause"
    },
    "node_modules/stream-source": {
      "version": "0.3.5",
      "resolved": "https://registry.npmmirror.com/stream-source/-/stream-source-0.3.5.tgz",
      "integrity": "sha512-ZuEDP9sgjiAwUVoDModftG0JtYiLUV8K4ljYD1VyUMRWtbVf92474o4kuuul43iZ8t/hRuiDAx1dIJSvirrK/g==",
      "license": "BSD-3-Clause"
    },
    "node_modules/string_decoder": {
      "version": "1.3.0",
      "resolved": "https://registry.npmmirror.com/string_decoder/-/string_decoder-1.3.0.tgz",
      "integrity": "sha512-hkRX8U1WjJFd8LsDJ2yQ/wWWxaopEsABU1XfkM8A+j0+85JAGppt16cr1Whg6KIbb4okU6Mql6BOj+uup/wKeA==",
      "license": "MIT",
      "dependencies": {
        "safe-buffer": "~5.2.0"
      }
    },
    "node_modules/text-encoding": {
      "version": "0.6.4",
      "resolved": "https://registry.npmmirror.com/text-encoding/-/text-encoding-0.6.4.tgz",
      "integrity": "sha512-hJnc6Qg3dWoOMkqP53F0dzRIgtmsAge09kxUIqGrEUS4qr5rWLckGYaQAVr+opBrIMRErGgy6f5aPnyPpyGRfg==",
      "deprecated": "no longer maintained",
      "license": "Unlicense"
    },
    "node_modules/topojson-client": {
      "version": "3.1.0",
      "resolved": "https://registry.npmmirror.com/topojson-client/-/topojson-client-3.1.0.tgz",
      "integrity": "sha512-605uxS6bcYxGXw9qi62XyrV6Q3xwbndjachmNxu8HWTtVPxZfEJN9fd/SZS1Q54Sn2y0TMyMxFj/cJINqGHrKw==",
      "license": "ISC",
      "dependencies": {
        "commander": "2"
      },
      "bin": {
        "topo2geo": "bin/topo2geo",
        "topomerge": "bin/topomerge",
        "topoquantize": "bin/topoquantize"
      }
    },
    "node_modules/topojson-server": {
      "version": "3.0.1",
      "resolved": "https://registry.npmmirror.com/topojson-server/-/topojson-server-3.0.1.tgz",
      "integrity": "sha512-/VS9j/ffKr2XAOjlZ9CgyyeLmgJ9dMwq6Y0YEON8O7p/tGGk+dCWnrE03zEdu7i4L7YsFZLEPZPzCvcB7lEEXw==",
      "license": "ISC",
      "dependencies": {
        "commander": "2"
      },
      "bin": {
        "geo2topo": "bin/geo2topo"
      }
    },
    "node_modules/typedarray": {
      "version": "0.0.6",
      "resolved": "https://registry.npmmirror.com/typedarray/-/typedarray-0.0.6.tgz",
      "integrity": "sha512-/aCDEGatGvZ2BIk+HmLf4ifCJFwvKFNb9/JeZPMulfgFracn9QFcAf5GO8B/mweUjSoblS5In0cWhqpfs/5PQA==",
      "license": "MIT"
    },
    "node_modules/util-deprecate": {
      "version": "1.0.2",
      "resolved": "https://registry.npmmirror.com/util-deprecate/-/util-deprecate-1.0.2.tgz",
      "integrity": "sha512-EPD5q1uXyFxJpCrLnCc1nHnq3gOa6DZBocAIiI2TaSCA7VCJ1UJDMagCzIkXNsUYfD1daK//LTEQ8xiIbrHtcw==",
      "license": "MIT"
    }
  }
}
