lockfileVersion: '9.0'

settings:
  autoInstallPeers: true
  excludeLinksFromLockfile: false

importers:

  .:
    dependencies:
      '@visactor/vtable':
        specifier: ^1.5.1
        version: 1.5.1

packages:

  '@resvg/resvg-js-android-arm-eabi@2.4.1':
    resolution: {integrity: sha512-AA6f7hS0FAPpvQMhBCf6f1oD1LdlqNXKCxAAPpKh6tR11kqV0YIB9zOlIYgITM14mq2YooLFl6XIbbvmY+jwUw==}
    engines: {node: '>= 10'}
    cpu: [arm]
    os: [android]

  '@resvg/resvg-js-android-arm64@2.4.1':
    resolution: {integrity: sha512-/QleoRdPfsEuH9jUjilYcDtKK/BkmWcK+1LXM8L2nsnf/CI8EnFyv7ZzCj4xAIvZGAy9dTYr/5NZBcTwxG2HQg==}
    engines: {node: '>= 10'}
    cpu: [arm64]
    os: [android]

  '@resvg/resvg-js-darwin-arm64@2.4.1':
    resolution: {integrity: sha512-U1oMNhea+kAXgiEXgzo7EbFGCD1Edq5aSlQoe6LMly6UjHzgx2W3N5kEXCwU/CgN5FiQhZr7PlSJSlcr7mdhfg==}
    engines: {node: '>= 10'}
    cpu: [arm64]
    os: [darwin]

  '@resvg/resvg-js-darwin-x64@2.4.1':
    resolution: {integrity: sha512-avyVh6DpebBfHHtTQTZYSr6NG1Ur6TEilk1+H0n7V+g4F7x7WPOo8zL00ZhQCeRQ5H4f8WXNWIEKL8fwqcOkYw==}
    engines: {node: '>= 10'}
    cpu: [x64]
    os: [darwin]

  '@resvg/resvg-js-linux-arm-gnueabihf@2.4.1':
    resolution: {integrity: sha512-isY/mdKoBWH4VB5v621co+8l101jxxYjuTkwOLsbW+5RK9EbLciPlCB02M99ThAHzI2MYxIUjXNmNgOW8btXvw==}
    engines: {node: '>= 10'}
    cpu: [arm]
    os: [linux]

  '@resvg/resvg-js-linux-arm64-gnu@2.4.1':
    resolution: {integrity: sha512-uY5voSCrFI8TH95vIYBm5blpkOtltLxLRODyhKJhGfskOI7XkRw5/t1u0sWAGYD8rRSNX+CA+np86otKjubrNg==}
    engines: {node: '>= 10'}
    cpu: [arm64]
    os: [linux]
    libc: [glibc]

  '@resvg/resvg-js-linux-arm64-musl@2.4.1':
    resolution: {integrity: sha512-6mT0+JBCsermKMdi/O2mMk3m7SqOjwi9TKAwSngRZ/nQoL3Z0Z5zV+572ztgbWr0GODB422uD8e9R9zzz38dRQ==}
    engines: {node: '>= 10'}
    cpu: [arm64]
    os: [linux]
    libc: [musl]

  '@resvg/resvg-js-linux-x64-gnu@2.4.1':
    resolution: {integrity: sha512-60KnrscLj6VGhkYOJEmmzPlqqfcw1keDh6U+vMcNDjPhV3B5vRSkpP/D/a8sfokyeh4VEacPSYkWGezvzS2/mg==}
    engines: {node: '>= 10'}
    cpu: [x64]
    os: [linux]
    libc: [glibc]

  '@resvg/resvg-js-linux-x64-musl@2.4.1':
    resolution: {integrity: sha512-0AMyZSICC1D7ge115cOZQW8Pcad6PjWuZkBFF3FJuSxC6Dgok0MQnLTs2MfMdKBlAcwO9dXsf3bv9tJZj8pATA==}
    engines: {node: '>= 10'}
    cpu: [x64]
    os: [linux]
    libc: [musl]

  '@resvg/resvg-js-win32-arm64-msvc@2.4.1':
    resolution: {integrity: sha512-76XDFOFSa3d0QotmcNyChh2xHwk+JTFiEQBVxMlHpHMeq7hNrQJ1IpE1zcHSQvrckvkdfLboKRrlGB86B10Qjw==}
    engines: {node: '>= 10'}
    cpu: [arm64]
    os: [win32]

  '@resvg/resvg-js-win32-ia32-msvc@2.4.1':
    resolution: {integrity: sha512-odyVFGrEWZIzzJ89KdaFtiYWaIJh9hJRW/frcEcG3agJ464VXkN/2oEVF5ulD+5mpGlug9qJg7htzHcKxDN8sg==}
    engines: {node: '>= 10'}
    cpu: [ia32]
    os: [win32]

  '@resvg/resvg-js-win32-x64-msvc@2.4.1':
    resolution: {integrity: sha512-vY4kTLH2S3bP+puU5x7hlAxHv+ulFgcK6Zn3efKSr0M0KnZ9A3qeAjZteIpkowEFfUeMPNg2dvvoFRJA9zqxSw==}
    engines: {node: '>= 10'}
    cpu: [x64]
    os: [win32]

  '@resvg/resvg-js@2.4.1':
    resolution: {integrity: sha512-wTOf1zerZX8qYcMmLZw3czR4paI4hXqPjShNwJRh5DeHxvgffUS5KM7XwxtbIheUW6LVYT5fhT2AJiP6mU7U4A==}
    engines: {node: '>= 10'}

  '@turf/boolean-clockwise@6.5.0':
    resolution: {integrity: sha512-45+C7LC5RMbRWrxh3Z0Eihsc8db1VGBO5d9BLTOAwU4jR6SgsunTfRWR16X7JUwIDYlCVEmnjcXJNi/kIU3VIw==}

  '@turf/clone@6.5.0':
    resolution: {integrity: sha512-mzVtTFj/QycXOn6ig+annKrM6ZlimreKYz6f/GSERytOpgzodbQyOgkfwru100O1KQhhjSudKK4DsQ0oyi9cTw==}

  '@turf/flatten@6.5.0':
    resolution: {integrity: sha512-IBZVwoNLVNT6U/bcUUllubgElzpMsNoCw8tLqBw6dfYg9ObGmpEjf9BIYLr7a2Yn5ZR4l7YIj2T7kD5uJjZADQ==}

  '@turf/helpers@6.5.0':
    resolution: {integrity: sha512-VbI1dV5bLFzohYYdgqwikdMVpe7pJ9X3E+dlr425wa2/sMJqYDhTO++ec38/pcPvPE6oD9WEEeU3Xu3gza+VPw==}

  '@turf/invariant@6.5.0':
    resolution: {integrity: sha512-Wv8PRNCtPD31UVbdJE/KVAWKe7l6US+lJItRR/HOEW3eh+U/JwRCSUl/KZ7bmjM/C+zLNoreM2TU6OoLACs4eg==}

  '@turf/meta@3.14.0':
    resolution: {integrity: sha512-OtXqLQuR9hlQ/HkAF/OdzRea7E0eZK1ay8y8CBXkoO2R6v34CsDrWYLMSo0ZzMsaQDpKo76NPP2GGo+PyG1cSg==}

  '@turf/meta@6.5.0':
    resolution: {integrity: sha512-RrArvtsV0vdsCBegoBtOalgdSOfkBrTJ07VkpiCnq/491W67hnMWmDu7e6Ztw0C3WldRYTXkg3SumfdzZxLBHA==}

  '@turf/rewind@6.5.0':
    resolution: {integrity: sha512-IoUAMcHWotBWYwSYuYypw/LlqZmO+wcBpn8ysrBNbazkFNkLf3btSDZMkKJO/bvOzl55imr/Xj4fi3DdsLsbzQ==}

  '@visactor/vdataset@0.18.10':
    resolution: {integrity: sha512-gMscOx38Ncj9Fnk90Zb8QiGK1h/jH9b4kTNoEKlMVQxZ516F+mi3FT3AF7GaNhe5jZS83cOSXtBWxWzVBXlqVg==}

  '@visactor/vrender-components@0.19.13-beta.0':
    resolution: {integrity: sha512-LqBEvRXuGSNnHF4oWUg5lMGd/PaWmQU6qog7EMXcgnBl8FkxgYlKrN7tk+K4zx1eviKn92wFPw4cEB3ZSVoLwQ==}

  '@visactor/vrender-core@0.19.13-beta.0':
    resolution: {integrity: sha512-vgU20sxEAm3I71mJKRzoCwI4mjGdC+NK+UhQ08CaIVbsUJJSnrgKCZvia0Nfz77MEHCZE8YEtogq99phDTuEKg==}

  '@visactor/vrender-kits@0.19.13-beta.0':
    resolution: {integrity: sha512-pR/rhjgCoF+mYssdjmAkMw5/bFRqLiE7S0F5rXYNzpJzMhCWvhhTprA4KjwxzSz1gX0kSqpvIjZJefzbOGhz5w==}

  '@visactor/vscale@0.18.10':
    resolution: {integrity: sha512-Zw60wiCFxbRj/I2RXfcqNpAMBmlvXZPSB2JAuVh2iTWAUVlrHdvrmulSCfg2GUdbJx+0V9ThcpfqbFH8YXZCVA==}

  '@visactor/vtable-editors@1.5.1':
    resolution: {integrity: sha512-+LKzK1jEPNqZUZ6hf0Hvy7W62PGNtKHSdrygS/WPfA9GEtdgBusAxhnuVAQrGTD3MKRBHG/IHvk2BD3JZV6gxw==}

  '@visactor/vtable@1.5.1':
    resolution: {integrity: sha512-/qfLc+XRkD6wsuOtYcABDdXQ/TlAp35Q/qfymVgD8AEOLuKW/Xz/5sCMV06ULgMXfsmhPJdTEK+c2Bahp2uKtA==}

  '@visactor/vutils-extension@1.11.8':
    resolution: {integrity: sha512-G2orAPsvNBW4VvRMz1ZaM5R72S2YKmQmpTM9hwJYeFvaqCjxuHgOxyxw3uusqHAmlKgvJGbYAtHSS1pJmsASkQ==}

  '@visactor/vutils@0.18.10':
    resolution: {integrity: sha512-xWT+TeMS2TixlNuKw0+I7Ka9/pxBTlvfnOTZuky6YS/HqTSNL3/ftThpsZgnQl+uEFuOLGyyCBNvwzh9HDdG5Q==}

  abs-svg-path@0.1.1:
    resolution: {integrity: sha512-d8XPSGjfyzlXC3Xx891DJRyZfqk5JU0BJrDQcsWomFIV1/BIzPW5HDH5iDdWpqWaav0YVIEzT1RHTwWr0FFshA==}

  array-source@0.0.4:
    resolution: {integrity: sha512-frNdc+zBn80vipY+GdcJkLEbMWj3xmzArYApmUGxoiV8uAu/ygcs9icPdsGdA26h0MkHUMW6EN2piIvVx+M5Mw==}

  buffer-from@1.1.2:
    resolution: {integrity: sha512-E+XQCRwSbaaiChtv6k6Dwgc+bx+Bs6vuKJHHl5kox/BaKbhiXzqQOwK4cO22yElGp2OCmjwVhT3HmxgyPGnJfQ==}

  color-convert@2.0.1:
    resolution: {integrity: sha512-RRECPsj7iu/xb5oKYcsFHSppFNnsj/52OVTRKb4zP5onXwVF3zVmmToNcOfGC+CRDpfK/U584fMg38ZHCaElKQ==}
    engines: {node: '>=7.0.0'}

  color-name@1.1.4:
    resolution: {integrity: sha512-dOy+3AuW3a2wNbZHIuMZpTcgjGuLU/uBL/ubcZF9OXbDo8ff4O8yVp5Bf0efS8uEoYo5q4Fx7dY9OgQGXgAsQA==}

  commander@2.20.3:
    resolution: {integrity: sha512-GpVkmM8vF2vQUkj2LvZmD35JxeJOLCwJ9cUkugyk2nuhbv3+mJvpLYYt+0+USMxE+oj+ey/lJEnhZw75x/OMcQ==}

  concat-stream@1.4.11:
    resolution: {integrity: sha512-X3JMh8+4je3U1cQpG87+f9lXHDrqcb2MVLg9L7o8b1UZ0DzhRrUpdn65ttzu10PpJPPI3MQNkis+oha6TSA9Mw==}
    engines: {'0': node >= 0.8}

  concat-stream@2.0.0:
    resolution: {integrity: sha512-MWufYdFw53ccGjCA+Ol7XJYpAlW6/prSMzuPOTRnJGcGzuhLn4Scrz7qf6o8bROZ514ltazcIFJZevcfbo0x7A==}
    engines: {'0': node >= 6.0}

  core-util-is@1.0.3:
    resolution: {integrity: sha512-ZQBvi1DcpJ4GDqanjucZ2Hj3wEO5pZDS89BWbkcrvdxksJorwUDDZamX9ldFkp9aw2lmBDLgkObEA4DWNJ9FYQ==}

  cssfontparser@1.2.1:
    resolution: {integrity: sha512-6tun4LoZnj7VN6YeegOVb67KBX/7JJsqvj+pv3ZA7F878/eN33AbGa5b/S/wXxS/tcp8nc40xRUrsPlxIyNUPg==}

  d3-array@1.2.4:
    resolution: {integrity: sha512-KHW6M86R+FUPYGb3R5XiYjXPq7VzwxZ22buHhAEVG5ztoEcZZMLov530mmccaqA1GghZArjQV46fuc8kUqhhHw==}

  d3-dsv@2.0.0:
    resolution: {integrity: sha512-E+Pn8UJYx9mViuIUkoc93gJGGYut6mSDKy2+XaPwccwkRGlR+LO97L2VCCRjQivTwLHkSnAJG7yo00BWY6QM+w==}
    hasBin: true

  d3-geo@1.12.1:
    resolution: {integrity: sha512-XG4d1c/UJSEX9NfU02KwBL6BYPj8YKHxgBEw5om2ZnTRSbIcego6dhHwcxuSR3clxh0EpE38os1DVPOmnYtTPg==}

  d3-hexbin@0.2.2:
    resolution: {integrity: sha512-KS3fUT2ReD4RlGCjvCEm1RgMtp2NFZumdMu4DBzQK8AZv3fXRM6Xm8I4fSU07UXvH4xxg03NwWKWdvxfS/yc4w==}

  d3-hierarchy@3.1.2:
    resolution: {integrity: sha512-FX/9frcub54beBdugHjDCdikxThEqjnR93Qt7PvQTOHxyiNCAlvMrHhclk3cD5VeAaq9fxmfRp+CnWw9rEMBuA==}
    engines: {node: '>=12'}

  eventemitter3@4.0.7:
    resolution: {integrity: sha512-8guHBZCwKnFhYdHr2ysuRWErTwhoN2X8XELRlrRwpmfeY2jjuUN4taQMsULKUVo1K4DvZl+0pgfyoysHxvmvEw==}

  file-source@0.6.1:
    resolution: {integrity: sha512-1R1KneL7eTXmXfKxC10V/9NeGOdbsAXJ+lQ//fvvcHUgtaZcZDWNJNblxAoVOyV1cj45pOtUrR3vZTBwqcW8XA==}

  geobuf@3.0.2:
    resolution: {integrity: sha512-ASgKwEAQQRnyNFHNvpd5uAwstbVYmiTW0Caw3fBb509tNTqXyAAPMyFs5NNihsLZhLxU1j/kjFhkhLWA9djuVg==}
    hasBin: true

  geojson-dissolve@3.1.0:
    resolution: {integrity: sha512-JXHfn+A3tU392HA703gJbjmuHaQOAE/C1KzbELCczFRFux+GdY6zt1nKb1VMBHp4LWeE7gUY2ql+g06vJqhiwQ==}

  geojson-flatten@0.2.4:
    resolution: {integrity: sha512-LiX6Jmot8adiIdZ/fthbcKKPOfWjTQchX/ggHnwMZ2e4b0I243N1ANUos0LvnzepTEsj0+D4fIJ5bKhBrWnAHA==}
    hasBin: true

  geojson-linestring-dissolve@0.0.1:
    resolution: {integrity: sha512-Y8I2/Ea28R/Xeki7msBcpMvJL2TaPfaPKP8xqueJfQ9/jEhps+iOJxOR2XCBGgVb12Z6XnDb1CMbaPfLepsLaw==}

  get-stdin@6.0.0:
    resolution: {integrity: sha512-jp4tHawyV7+fkkSKyvjuLZswblUtz+SQKzSWnBbii16BuZksJlU1wuBYXY75r+duh/llF1ur6oNwi+2ZzjKZ7g==}
    engines: {node: '>=4'}

  iconv-lite@0.4.24:
    resolution: {integrity: sha512-v3MXnZAcvnywkTUEZomIActle7RXXeedOR31wwl7VlyoXO4Qi9arvSenNQWne1TcRwhCL1HwLI21bEqdpj8/rA==}
    engines: {node: '>=0.10.0'}

  ieee754@1.2.1:
    resolution: {integrity: sha512-dcyqhDvX1C46lXZcVqCpK+FtMRQVdIMN6/Df5js2zouUsqG7I6sFxitIC+7KYK29KdXOLHdu9zL4sFnoVQnqaA==}

  inherits@2.0.4:
    resolution: {integrity: sha512-k/vGaX4/Yla3WzyMCvTQOXYeIHvqOKtnqBduzTHpzpQZzAskKMhZ2K+EnBiSM9zGSoIFeMpXKxa4dYeZIQqewQ==}

  isarray@0.0.1:
    resolution: {integrity: sha512-D2S+3GLxWH+uhrNEcoh/fnmYeP8E8/zHl644d/jdA0g2uyXvy3sb0qxotE+ne0LtccHknQzWwZEzhak7oJ0COQ==}

  minimist@1.2.0:
    resolution: {integrity: sha512-7Wl+Jz+IGWuSdgsQEJ4JunV0si/iMhg42MnQQG6h1R6TNeVenp4U9x5CC5v/gYqz/fENLQITAWXidNtVL0NNbw==}

  minimist@1.2.6:
    resolution: {integrity: sha512-Jsjnk4bw3YJqYzbdyBiNsPWHPfO++UGG749Cxs6peCu5Xg4nrena6OVxOYxrQTqww0Jmwt+Ref8rggumkTLz9Q==}

  parse-svg-path@0.1.2:
    resolution: {integrity: sha512-JyPSBnkTJ0AI8GGJLfMXvKq42cj5c006fnLz6fXy6zfoVjJizi8BNTpu8on8ziI1cKy9d9DGNuY17Ce7wuejpQ==}

  path-browserify@1.0.1:
    resolution: {integrity: sha512-b7uo2UCUOYZcnF/3ID0lulOJi/bafxa1xPe7ZPsammBSpjSWQkjNxlt635YGS2MiR9GjvuXCtz2emr3jbsz98g==}

  path-data-parser@0.1.0:
    resolution: {integrity: sha512-NOnmBpt5Y2RWbuv0LMzsayp3lVylAHLPUTut412ZA3l+C4uw4ZVkQbjShYCQ8TCpUMdPapr4YjUqLYD6v68j+w==}

  path-source@0.1.3:
    resolution: {integrity: sha512-dWRHm5mIw5kw0cs3QZLNmpUWty48f5+5v9nWD2dw3Y0Hf+s01Ag8iJEWV0Sm0kocE8kK27DrIowha03e1YR+Qw==}

  pbf@3.3.0:
    resolution: {integrity: sha512-XDF38WCH3z5OV/OVa8GKUNtLAyneuzbCisx7QUCF8Q6Nutx0WnJrQe5O+kOtBlLfRNUws98Y58Lblp+NJG5T4Q==}
    hasBin: true

  point-at-length@1.1.0:
    resolution: {integrity: sha512-nNHDk9rNEh/91o2Y8kHLzBLNpLf80RYd2gCun9ss+V0ytRSf6XhryBTx071fesktjbachRmGuUbId+JQmzhRXw==}

  points-on-curve@0.2.0:
    resolution: {integrity: sha512-0mYKnYYe9ZcqMCWhUjItv/oHjvgEsfKvnUTg8sAtnHr3GVy7rGkXCb6d5cSyqrWqL4k81b9CPg3urd+T7aop3A==}

  points-on-path@0.2.1:
    resolution: {integrity: sha512-25ClnWWuw7JbWZcgqY/gJ4FQWadKxGWk+3kR/7kD0tCaDtPPMj7oHu2ToLaVhfpnHrZzYby2w6tUA0eOIuUg8g==}

  protocol-buffers-schema@3.6.0:
    resolution: {integrity: sha512-TdDRD+/QNdrCGCE7v8340QyuXd4kIWIgapsE2+n/SaGiSSbomYl4TjHlvIoCWRpE7wFt02EpB35VVA2ImcBVqw==}

  readable-stream@1.1.14:
    resolution: {integrity: sha512-+MeVjFf4L44XUkhM1eYbD8fyEsxcV81pqMSR5gblfcLCHfZvbrqy4/qYHE+/R5HoBUT11WV5O08Cr1n3YXkWVQ==}

  readable-stream@3.6.2:
    resolution: {integrity: sha512-9u/sniCrY3D5WdsERHzHE4G2YCXqoG5FTHUiCC4SIbr6XcLZBY05ya9EKjYek9O5xOAwjGq+1JdGBAS7Q9ScoA==}
    engines: {node: '>= 6'}

  resolve-protobuf-schema@2.1.0:
    resolution: {integrity: sha512-kI5ffTiZWmJaS/huM8wZfEMer1eRd7oJQhDuxeCLe3t7N7mX3z94CN0xPxBQxFYQTSNz9T0i+v6inKqSdK8xrQ==}

  roughjs@4.5.2:
    resolution: {integrity: sha512-2xSlLDKdsWyFxrveYWk9YQ/Y9UfK38EAMRNkYkMqYBJvPX8abCa9PN0x3w02H8Oa6/0bcZICJU+U95VumPqseg==}

  rw@1.3.3:
    resolution: {integrity: sha512-PdhdWy89SiZogBLaw42zdeqtRJ//zFd2PgQavcICDUgJT5oW10QCRKbJ6bg4r0/UY2M6BWd5tkxuGFRvCkgfHQ==}

  safe-buffer@5.2.1:
    resolution: {integrity: sha512-rp3So07KcdmmKbGvgaNxQSJr7bGVSVk5S9Eq1F+ppbRo70+YeaDxkw5Dd8NPN+GD6bjnYm2VuPuCXmpuYvmCXQ==}

  safer-buffer@2.1.2:
    resolution: {integrity: sha512-YZo3K82SD7Riyi0E1EQPojLz7kpepnSQI9IyPbHHg1XXXevb5dJI7tpyN2ADxGcQbHG7vcyRHk0cbwqcQriUtg==}

  shapefile@0.6.6:
    resolution: {integrity: sha512-rLGSWeK2ufzCVx05wYd+xrWnOOdSV7xNUW5/XFgx3Bc02hBkpMlrd2F1dDII7/jhWzv0MSyBFh5uJIy9hLdfuw==}
    hasBin: true

  simple-statistics@7.8.3:
    resolution: {integrity: sha512-JFvMY00t6SBGtwMuJ+nqgsx9ylkMiJ5JlK9bkj8AdvniIe5615wWQYkKHXe84XtSuc40G/tlrPu0A5/NlJvv8A==}

  simplify-geojson@1.0.5:
    resolution: {integrity: sha512-02l1W4UipP5ivNVq6kX15mAzCRIV1oI3tz0FUEyOsNiv1ltuFDjbNhO+nbv/xhbDEtKqWLYuzpWhUsJrjR/ypA==}
    hasBin: true

  simplify-geometry@0.0.2:
    resolution: {integrity: sha512-ZEyrplkqgCqDlL7V8GbbYgTLlcnNF+MWWUdy8s8ZeJru50bnI71rDew/I+HG36QS2mPOYAq1ZjwNXxHJ8XOVBw==}

  slice-source@0.4.1:
    resolution: {integrity: sha512-YiuPbxpCj4hD9Qs06hGAz/OZhQ0eDuALN0lRWJez0eD/RevzKqGdUx1IOMUnXgpr+sXZLq3g8ERwbAH0bCb8vg==}

  stream-source@0.3.5:
    resolution: {integrity: sha512-ZuEDP9sgjiAwUVoDModftG0JtYiLUV8K4ljYD1VyUMRWtbVf92474o4kuuul43iZ8t/hRuiDAx1dIJSvirrK/g==}

  string_decoder@0.10.31:
    resolution: {integrity: sha512-ev2QzSzWPYmy9GuqfIVildA4OdcGLeFZQrq5ys6RtiuF+RQQiZWr8TZNyAcuVXyQRYfEO+MsoB/1BuQVhOJuoQ==}

  string_decoder@1.3.0:
    resolution: {integrity: sha512-hkRX8U1WjJFd8LsDJ2yQ/wWWxaopEsABU1XfkM8A+j0+85JAGppt16cr1Whg6KIbb4okU6Mql6BOj+uup/wKeA==}

  text-encoding@0.6.4:
    resolution: {integrity: sha512-hJnc6Qg3dWoOMkqP53F0dzRIgtmsAge09kxUIqGrEUS4qr5rWLckGYaQAVr+opBrIMRErGgy6f5aPnyPpyGRfg==}
    deprecated: no longer maintained

  topojson-client@3.1.0:
    resolution: {integrity: sha512-605uxS6bcYxGXw9qi62XyrV6Q3xwbndjachmNxu8HWTtVPxZfEJN9fd/SZS1Q54Sn2y0TMyMxFj/cJINqGHrKw==}
    hasBin: true

  topojson-server@3.0.1:
    resolution: {integrity: sha512-/VS9j/ffKr2XAOjlZ9CgyyeLmgJ9dMwq6Y0YEON8O7p/tGGk+dCWnrE03zEdu7i4L7YsFZLEPZPzCvcB7lEEXw==}
    hasBin: true

  typedarray@0.0.6:
    resolution: {integrity: sha512-/aCDEGatGvZ2BIk+HmLf4ifCJFwvKFNb9/JeZPMulfgFracn9QFcAf5GO8B/mweUjSoblS5In0cWhqpfs/5PQA==}

  typedarray@0.0.7:
    resolution: {integrity: sha512-ueeb9YybpjhivjbHP2LdFDAjbS948fGEPj+ACAMs4xCMmh72OCOMQWBQKlaN4ZNQ04yfLSDLSx1tGRIoWimObQ==}

  util-deprecate@1.0.2:
    resolution: {integrity: sha512-EPD5q1uXyFxJpCrLnCc1nHnq3gOa6DZBocAIiI2TaSCA7VCJ1UJDMagCzIkXNsUYfD1daK//LTEQ8xiIbrHtcw==}

snapshots:

  '@resvg/resvg-js-android-arm-eabi@2.4.1':
    optional: true

  '@resvg/resvg-js-android-arm64@2.4.1':
    optional: true

  '@resvg/resvg-js-darwin-arm64@2.4.1':
    optional: true

  '@resvg/resvg-js-darwin-x64@2.4.1':
    optional: true

  '@resvg/resvg-js-linux-arm-gnueabihf@2.4.1':
    optional: true

  '@resvg/resvg-js-linux-arm64-gnu@2.4.1':
    optional: true

  '@resvg/resvg-js-linux-arm64-musl@2.4.1':
    optional: true

  '@resvg/resvg-js-linux-x64-gnu@2.4.1':
    optional: true

  '@resvg/resvg-js-linux-x64-musl@2.4.1':
    optional: true

  '@resvg/resvg-js-win32-arm64-msvc@2.4.1':
    optional: true

  '@resvg/resvg-js-win32-ia32-msvc@2.4.1':
    optional: true

  '@resvg/resvg-js-win32-x64-msvc@2.4.1':
    optional: true

  '@resvg/resvg-js@2.4.1':
    optionalDependencies:
      '@resvg/resvg-js-android-arm-eabi': 2.4.1
      '@resvg/resvg-js-android-arm64': 2.4.1
      '@resvg/resvg-js-darwin-arm64': 2.4.1
      '@resvg/resvg-js-darwin-x64': 2.4.1
      '@resvg/resvg-js-linux-arm-gnueabihf': 2.4.1
      '@resvg/resvg-js-linux-arm64-gnu': 2.4.1
      '@resvg/resvg-js-linux-arm64-musl': 2.4.1
      '@resvg/resvg-js-linux-x64-gnu': 2.4.1
      '@resvg/resvg-js-linux-x64-musl': 2.4.1
      '@resvg/resvg-js-win32-arm64-msvc': 2.4.1
      '@resvg/resvg-js-win32-ia32-msvc': 2.4.1
      '@resvg/resvg-js-win32-x64-msvc': 2.4.1

  '@turf/boolean-clockwise@6.5.0':
    dependencies:
      '@turf/helpers': 6.5.0
      '@turf/invariant': 6.5.0

  '@turf/clone@6.5.0':
    dependencies:
      '@turf/helpers': 6.5.0

  '@turf/flatten@6.5.0':
    dependencies:
      '@turf/helpers': 6.5.0
      '@turf/meta': 6.5.0

  '@turf/helpers@6.5.0': {}

  '@turf/invariant@6.5.0':
    dependencies:
      '@turf/helpers': 6.5.0

  '@turf/meta@3.14.0': {}

  '@turf/meta@6.5.0':
    dependencies:
      '@turf/helpers': 6.5.0

  '@turf/rewind@6.5.0':
    dependencies:
      '@turf/boolean-clockwise': 6.5.0
      '@turf/clone': 6.5.0
      '@turf/helpers': 6.5.0
      '@turf/invariant': 6.5.0
      '@turf/meta': 6.5.0

  '@visactor/vdataset@0.18.10':
    dependencies:
      '@turf/flatten': 6.5.0
      '@turf/helpers': 6.5.0
      '@turf/rewind': 6.5.0
      '@visactor/vutils': 0.18.10
      d3-dsv: 2.0.0
      d3-geo: 1.12.1
      d3-hexbin: 0.2.2
      d3-hierarchy: 3.1.2
      eventemitter3: 4.0.7
      geobuf: 3.0.2
      geojson-dissolve: 3.1.0
      path-browserify: 1.0.1
      pbf: 3.3.0
      point-at-length: 1.1.0
      simple-statistics: 7.8.3
      simplify-geojson: 1.0.5
      topojson-client: 3.1.0

  '@visactor/vrender-components@0.19.13-beta.0':
    dependencies:
      '@visactor/vrender-core': 0.19.13-beta.0
      '@visactor/vrender-kits': 0.19.13-beta.0
      '@visactor/vscale': 0.18.10
      '@visactor/vutils': 0.18.10

  '@visactor/vrender-core@0.19.13-beta.0':
    dependencies:
      '@visactor/vutils': 0.18.10
      color-convert: 2.0.1

  '@visactor/vrender-kits@0.19.13-beta.0':
    dependencies:
      '@resvg/resvg-js': 2.4.1
      '@visactor/vrender-core': 0.19.13-beta.0
      '@visactor/vutils': 0.18.10
      roughjs: 4.5.2

  '@visactor/vscale@0.18.10':
    dependencies:
      '@visactor/vutils': 0.18.10

  '@visactor/vtable-editors@1.5.1': {}

  '@visactor/vtable@1.5.1':
    dependencies:
      '@visactor/vdataset': 0.18.10
      '@visactor/vrender-components': 0.19.13-beta.0
      '@visactor/vrender-core': 0.19.13-beta.0
      '@visactor/vrender-kits': 0.19.13-beta.0
      '@visactor/vscale': 0.18.10
      '@visactor/vtable-editors': 1.5.1
      '@visactor/vutils': 0.18.10
      '@visactor/vutils-extension': 1.11.8
      cssfontparser: 1.2.1

  '@visactor/vutils-extension@1.11.8':
    dependencies:
      '@visactor/vdataset': 0.18.10
      '@visactor/vutils': 0.18.10

  '@visactor/vutils@0.18.10':
    dependencies:
      '@turf/helpers': 6.5.0
      '@turf/invariant': 6.5.0
      eventemitter3: 4.0.7

  abs-svg-path@0.1.1: {}

  array-source@0.0.4: {}

  buffer-from@1.1.2: {}

  color-convert@2.0.1:
    dependencies:
      color-name: 1.1.4

  color-name@1.1.4: {}

  commander@2.20.3: {}

  concat-stream@1.4.11:
    dependencies:
      inherits: 2.0.4
      readable-stream: 1.1.14
      typedarray: 0.0.7

  concat-stream@2.0.0:
    dependencies:
      buffer-from: 1.1.2
      inherits: 2.0.4
      readable-stream: 3.6.2
      typedarray: 0.0.6

  core-util-is@1.0.3: {}

  cssfontparser@1.2.1: {}

  d3-array@1.2.4: {}

  d3-dsv@2.0.0:
    dependencies:
      commander: 2.20.3
      iconv-lite: 0.4.24
      rw: 1.3.3

  d3-geo@1.12.1:
    dependencies:
      d3-array: 1.2.4

  d3-hexbin@0.2.2: {}

  d3-hierarchy@3.1.2: {}

  eventemitter3@4.0.7: {}

  file-source@0.6.1:
    dependencies:
      stream-source: 0.3.5

  geobuf@3.0.2:
    dependencies:
      concat-stream: 2.0.0
      pbf: 3.3.0
      shapefile: 0.6.6

  geojson-dissolve@3.1.0:
    dependencies:
      '@turf/meta': 3.14.0
      geojson-flatten: 0.2.4
      geojson-linestring-dissolve: 0.0.1
      topojson-client: 3.1.0
      topojson-server: 3.0.1

  geojson-flatten@0.2.4:
    dependencies:
      get-stdin: 6.0.0
      minimist: 1.2.0

  geojson-linestring-dissolve@0.0.1: {}

  get-stdin@6.0.0: {}

  iconv-lite@0.4.24:
    dependencies:
      safer-buffer: 2.1.2

  ieee754@1.2.1: {}

  inherits@2.0.4: {}

  isarray@0.0.1: {}

  minimist@1.2.0: {}

  minimist@1.2.6: {}

  parse-svg-path@0.1.2: {}

  path-browserify@1.0.1: {}

  path-data-parser@0.1.0: {}

  path-source@0.1.3:
    dependencies:
      array-source: 0.0.4
      file-source: 0.6.1

  pbf@3.3.0:
    dependencies:
      ieee754: 1.2.1
      resolve-protobuf-schema: 2.1.0

  point-at-length@1.1.0:
    dependencies:
      abs-svg-path: 0.1.1
      isarray: 0.0.1
      parse-svg-path: 0.1.2

  points-on-curve@0.2.0: {}

  points-on-path@0.2.1:
    dependencies:
      path-data-parser: 0.1.0
      points-on-curve: 0.2.0

  protocol-buffers-schema@3.6.0: {}

  readable-stream@1.1.14:
    dependencies:
      core-util-is: 1.0.3
      inherits: 2.0.4
      isarray: 0.0.1
      string_decoder: 0.10.31

  readable-stream@3.6.2:
    dependencies:
      inherits: 2.0.4
      string_decoder: 1.3.0
      util-deprecate: 1.0.2

  resolve-protobuf-schema@2.1.0:
    dependencies:
      protocol-buffers-schema: 3.6.0

  roughjs@4.5.2:
    dependencies:
      path-data-parser: 0.1.0
      points-on-curve: 0.2.0
      points-on-path: 0.2.1

  rw@1.3.3: {}

  safe-buffer@5.2.1: {}

  safer-buffer@2.1.2: {}

  shapefile@0.6.6:
    dependencies:
      array-source: 0.0.4
      commander: 2.20.3
      path-source: 0.1.3
      slice-source: 0.4.1
      stream-source: 0.3.5
      text-encoding: 0.6.4

  simple-statistics@7.8.3: {}

  simplify-geojson@1.0.5:
    dependencies:
      concat-stream: 1.4.11
      minimist: 1.2.6
      simplify-geometry: 0.0.2

  simplify-geometry@0.0.2: {}

  slice-source@0.4.1: {}

  stream-source@0.3.5: {}

  string_decoder@0.10.31: {}

  string_decoder@1.3.0:
    dependencies:
      safe-buffer: 5.2.1

  text-encoding@0.6.4: {}

  topojson-client@3.1.0:
    dependencies:
      commander: 2.20.3

  topojson-server@3.0.1:
    dependencies:
      commander: 2.20.3

  typedarray@0.0.6: {}

  typedarray@0.0.7: {}

  util-deprecate@1.0.2: {}
