{
  "name": "pnpm-local-install",
  "version": "0.0.0",
  "lockfileVersion": 3,
  "requires": true,
  "packages": {
    "": {
      "name": "pnpm-local-install",
      "version": "0.0.0",
      "dependencies": {
        "pnpm": "10.7.0"
      }
    },
    "node_modules/pnpm": {
      "version": "10.7.0",
      "resolved": "https://registry.npmjs.org/pnpm/-/pnpm-10.7.0.tgz",
      "integrity": "sha512-a4Za1LYqHZhCth1nSjk5A7hx2SRJVPZSuIQsK1U8chdrJ49kxGPlLUD/+KujhcI1yMns9cx95P14uLttSWM6tg==",
      "license": "MIT",
      "bin": {
        "pnpm": "bin/pnpm.cjs",
        "pnpx": "bin/pnpx.cjs"
      },
      "engines": {
        "node": ">=18.12"
      },
      "funding": {
        "url": "https://opencollective.com/pnpm"
      }
    }
  }
}
